
Microsoft Visual Studio Solution File, Format Version 12.00
# Visual Studio Version 17
VisualStudioVersion = 17.8.34511.84
MinimumVisualStudioVersion = 10.0.40219.1
Project("{FAE04EC0-301F-11D3-BF4B-00C04F79EFBC}") = "KLTN", "KLTN\KLTN.csproj", "{7AA1E2C6-2982-499A-B6F4-8291E357E997}"
EndProject
Global
	GlobalSection(SolutionConfigurationPlatforms) = preSolution
		Debug|Any CPU = Debug|Any CPU
		Release|Any CPU = Release|Any CPU
	EndGlobalSection
	GlobalSection(ProjectConfigurationPlatforms) = postSolution
		{7AA1E2C6-2982-499A-B6F4-8291E357E997}.Debug|Any CPU.ActiveCfg = Debug|Any CPU
		{7AA1E2C6-2982-499A-B6F4-8291E357E997}.Debug|Any CPU.Build.0 = Debug|Any CPU
		{7AA1E2C6-2982-499A-B6F4-8291E357E997}.Release|Any CPU.ActiveCfg = Release|Any CPU
		{7AA1E2C6-2982-499A-B6F4-8291E357E997}.Release|Any CPU.Build.0 = Release|Any CPU
	EndGlobalSection
	GlobalSection(SolutionProperties) = preSolution
		HideSolutionNode = FALSE
	EndGlobalSection
	GlobalSection(ExtensibilityGlobals) = postSolution
		SolutionGuid = {863FD720-1560-447B-A6BF-1590E316C46B}
	EndGlobalSection
EndGlobal
